// !$*UTF8*$!
{
	archiveVersion = 1;
	classes = {
	};
	objectVersion = 46;
	objects = {

/* Begin PBXBuildFile section */
		CC04A76F1D60B4370005E4A8 /* SDWebImage.framework in Frameworks */ = {isa = PBXBuildFile; fileRef = CC04A76E1D60B4370005E4A8 /* SDWebImage.framework */; };
		CC04DE971D603A5C00E17BFB /* Alamofire.framework in Frameworks */ = {isa = PBXBuildFile; fileRef = CC7E29691D5F4E5300B74EA2 /* Alamofire.framework */; };
		CC0DD5651D6049EA00BF6FF5 /* LoginViewController.swift in Sources */ = {isa = PBXBuildFile; fileRef = CC0DD5641D6049EA00BF6FF5 /* LoginViewController.swift */; };
		CC0DD5671D60582600BF6FF5 /* ShareManager.swift in Sources */ = {isa = PBXBuildFile; fileRef = CC0DD5661D60582600BF6FF5 /* ShareManager.swift */; };
		CC0DD5691D605D1900BF6FF5 /* WeiboSDK in Frameworks */ = {isa = PBXBuildFile; fileRef = CC0DD5681D605D1900BF6FF5 /* WeiboSDK */; };
		CC61F8D81D65619100997C76 /* SVProgressHUD.framework in Frameworks */ = {isa = PBXBuildFile; fileRef = CC61F8D71D65619100997C76 /* SVProgressHUD.framework */; };
		CC61F8DA1D65839200997C76 /* UserAccount.swift in Sources */ = {isa = PBXBuildFile; fileRef = CC61F8D91D65839200997C76 /* UserAccount.swift */; };
		CC6E00CF1D61AE5500D5C6DC /* Message.swift in Sources */ = {isa = PBXBuildFile; fileRef = CC6E00CE1D61AE5500D5C6DC /* Message.swift */; };
		CC6E00D11D61B57300D5C6DC /* Messages.swift in Sources */ = {isa = PBXBuildFile; fileRef = CC6E00D01D61B57300D5C6DC /* Messages.swift */; };
		CC6E00D41D61B8ED00D5C6DC /* AlamofireObjectMapper.framework in Frameworks */ = {isa = PBXBuildFile; fileRef = CC6E00D21D61B87100D5C6DC /* AlamofireObjectMapper.framework */; };
		CC6E00D61D61C19F00D5C6DC /* BaseController.swift in Sources */ = {isa = PBXBuildFile; fileRef = CC6E00D51D61C19F00D5C6DC /* BaseController.swift */; };
		CC6E00D81D61C9AB00D5C6DC /* User.swift in Sources */ = {isa = PBXBuildFile; fileRef = CC6E00D71D61C9AB00D5C6DC /* User.swift */; };
		CC7E290E1D5F02C400B74EA2 /* AppDelegate.swift in Sources */ = {isa = PBXBuildFile; fileRef = CC7E290D1D5F02C400B74EA2 /* AppDelegate.swift */; };
		CC7E29151D5F02C400B74EA2 /* Main.storyboard in Resources */ = {isa = PBXBuildFile; fileRef = CC7E29131D5F02C400B74EA2 /* Main.storyboard */; };
		CC7E29171D5F02C400B74EA2 /* Assets.xcassets in Resources */ = {isa = PBXBuildFile; fileRef = CC7E29161D5F02C400B74EA2 /* Assets.xcassets */; };
		CC7E291A1D5F02C400B74EA2 /* LaunchScreen.storyboard in Resources */ = {isa = PBXBuildFile; fileRef = CC7E29181D5F02C400B74EA2 /* LaunchScreen.storyboard */; };
		CC7E29251D5F02C400B74EA2 /* weiboTests.swift in Sources */ = {isa = PBXBuildFile; fileRef = CC7E29241D5F02C400B74EA2 /* weiboTests.swift */; };
		CC7E29301D5F02C400B74EA2 /* weiboUITests.swift in Sources */ = {isa = PBXBuildFile; fileRef = CC7E292F1D5F02C400B74EA2 /* weiboUITests.swift */; };
		CC7E29471D5F0C7600B74EA2 /* MainPageViewController.swift in Sources */ = {isa = PBXBuildFile; fileRef = CC7E29461D5F0C7600B74EA2 /* MainPageViewController.swift */; };
		CC7E294B1D5F118100B74EA2 /* ContentCell.swift in Sources */ = {isa = PBXBuildFile; fileRef = CC7E294A1D5F118100B74EA2 /* ContentCell.swift */; };
		CC7E29531D5F12AE00B74EA2 /* UIColor+TAToolkit.m in Sources */ = {isa = PBXBuildFile; fileRef = CC7E294E1D5F12AE00B74EA2 /* UIColor+TAToolkit.m */; };
		CC7E29541D5F12AE00B74EA2 /* UIView+Geometry.m in Sources */ = {isa = PBXBuildFile; fileRef = CC7E29501D5F12AE00B74EA2 /* UIView+Geometry.m */; };
		CC7E29551D5F12AE00B74EA2 /* UIView+IBInspect.m in Sources */ = {isa = PBXBuildFile; fileRef = CC7E29521D5F12AE00B74EA2 /* UIView+IBInspect.m */; };
		CC7E29581D5F17F500B74EA2 /* ProfileViewController.swift in Sources */ = {isa = PBXBuildFile; fileRef = CC7E29571D5F17F500B74EA2 /* ProfileViewController.swift */; };
		CC7E295B1D5F1C9600B74EA2 /* PublishMessageViewController.swift in Sources */ = {isa = PBXBuildFile; fileRef = CC7E295A1D5F1C9600B74EA2 /* PublishMessageViewController.swift */; };
		CC7E295E1D5F2FA700B74EA2 /* BaseTabBarController.swift in Sources */ = {isa = PBXBuildFile; fileRef = CC7E295D1D5F2FA700B74EA2 /* BaseTabBarController.swift */; };
		DF581A9662EBBA9B46743464 /* Pods_weibo.framework in Frameworks */ = {isa = PBXBuildFile; fileRef = D58EB6E24604342A9F640B62 /* Pods_weibo.framework */; };
/* End PBXBuildFile section */

/* Begin PBXContainerItemProxy section */
		CC7E29211D5F02C400B74EA2 /* PBXContainerItemProxy */ = {
			isa = PBXContainerItemProxy;
			containerPortal = CC7E29021D5F02C400B74EA2 /* Project object */;
			proxyType = 1;
			remoteGlobalIDString = CC7E29091D5F02C400B74EA2;
			remoteInfo = weibo;
		};
		CC7E292C1D5F02C400B74EA2 /* PBXContainerItemProxy */ = {
			isa = PBXContainerItemProxy;
			containerPortal = CC7E29021D5F02C400B74EA2 /* Project object */;
			proxyType = 1;
			remoteGlobalIDString = CC7E29091D5F02C400B74EA2;
			remoteInfo = weibo;
		};
/* End PBXContainerItemProxy section */

/* Begin PBXFileReference section */
		5366F9E6EB5AACDD12B8EDAB /* Pods_weiboTests.framework */ = {isa = PBXFileReference; explicitFileType = wrapper.framework; includeInIndex = 0; path = Pods_weiboTests.framework; sourceTree = BUILT_PRODUCTS_DIR; };
		69730370D20F3BA552388298 /* Pods-weibo.release.xcconfig */ = {isa = PBXFileReference; includeInIndex = 1; lastKnownFileType = text.xcconfig; name = "Pods-weibo.release.xcconfig"; path = "Pods/Target Support Files/Pods-weibo/Pods-weibo.release.xcconfig"; sourceTree = "<group>"; };
		6B91BBB886ED851A94F45D59 /* Pods-weibo.debug.xcconfig */ = {isa = PBXFileReference; includeInIndex = 1; lastKnownFileType = text.xcconfig; name = "Pods-weibo.debug.xcconfig"; path = "Pods/Target Support Files/Pods-weibo/Pods-weibo.debug.xcconfig"; sourceTree = "<group>"; };
		C6257EFFC1E5D2B4A0B8633B /* Pods_weiboUITests.framework */ = {isa = PBXFileReference; explicitFileType = wrapper.framework; includeInIndex = 0; path = Pods_weiboUITests.framework; sourceTree = BUILT_PRODUCTS_DIR; };
		CC04A76E1D60B4370005E4A8 /* SDWebImage.framework */ = {isa = PBXFileReference; lastKnownFileType = wrapper.framework; name = SDWebImage.framework; path = "Pods/../build/Debug-iphoneos/SDWebImage/SDWebImage.framework"; sourceTree = "<group>"; };
		CC0DD5641D6049EA00BF6FF5 /* LoginViewController.swift */ = {isa = PBXFileReference; fileEncoding = 4; lastKnownFileType = sourcecode.swift; path = LoginViewController.swift; sourceTree = "<group>"; };
		CC0DD5661D60582600BF6FF5 /* ShareManager.swift */ = {isa = PBXFileReference; fileEncoding = 4; lastKnownFileType = sourcecode.swift; path = ShareManager.swift; sourceTree = "<group>"; };
		CC0DD5681D605D1900BF6FF5 /* WeiboSDK */ = {isa = PBXFileReference; lastKnownFileType = folder; name = WeiboSDK; path = Pods/WeiboSDK; sourceTree = "<group>"; };
		CC61F8D71D65619100997C76 /* SVProgressHUD.framework */ = {isa = PBXFileReference; lastKnownFileType = wrapper.framework; name = SVProgressHUD.framework; path = "Pods/../build/Debug-iphoneos/SVProgressHUD/SVProgressHUD.framework"; sourceTree = "<group>"; };
		CC61F8D91D65839200997C76 /* UserAccount.swift */ = {isa = PBXFileReference; fileEncoding = 4; lastKnownFileType = sourcecode.swift; path = UserAccount.swift; sourceTree = "<group>"; };
		CC6E00CC1D61AE2800D5C6DC /* ObjectMapper.framework */ = {isa = PBXFileReference; lastKnownFileType = wrapper.framework; name = ObjectMapper.framework; path = "../../../../Library/Developer/Xcode/DerivedData/weibo-besjumjcnmtkzbeodggfkkeiyoer/Build/Products/Debug-iphoneos/ObjectMapper/ObjectMapper.framework"; sourceTree = "<group>"; };
		CC6E00CE1D61AE5500D5C6DC /* Message.swift */ = {isa = PBXFileReference; fileEncoding = 4; lastKnownFileType = sourcecode.swift; path = Message.swift; sourceTree = "<group>"; };
		CC6E00D01D61B57300D5C6DC /* Messages.swift */ = {isa = PBXFileReference; fileEncoding = 4; lastKnownFileType = sourcecode.swift; path = Messages.swift; sourceTree = "<group>"; };
		CC6E00D21D61B87100D5C6DC /* AlamofireObjectMapper.framework */ = {isa = PBXFileReference; lastKnownFileType = wrapper.framework; name = AlamofireObjectMapper.framework; path = "../../../../Library/Developer/Xcode/DerivedData/weibo-besjumjcnmtkzbeodggfkkeiyoer/Build/Products/Debug-iphoneos/AlamofireObjectMapper/AlamofireObjectMapper.framework"; sourceTree = "<group>"; };
		CC6E00D51D61C19F00D5C6DC /* BaseController.swift */ = {isa = PBXFileReference; fileEncoding = 4; lastKnownFileType = sourcecode.swift; path = BaseController.swift; sourceTree = "<group>"; };
		CC6E00D71D61C9AB00D5C6DC /* User.swift */ = {isa = PBXFileReference; fileEncoding = 4; lastKnownFileType = sourcecode.swift; path = User.swift; sourceTree = "<group>"; };
		CC7E290A1D5F02C400B74EA2 /* weibo.app */ = {isa = PBXFileReference; explicitFileType = wrapper.application; includeInIndex = 0; path = weibo.app; sourceTree = BUILT_PRODUCTS_DIR; };
		CC7E290D1D5F02C400B74EA2 /* AppDelegate.swift */ = {isa = PBXFileReference; lastKnownFileType = sourcecode.swift; path = AppDelegate.swift; sourceTree = "<group>"; };
		CC7E29141D5F02C400B74EA2 /* Base */ = {isa = PBXFileReference; lastKnownFileType = file.storyboard; name = Base; path = Base.lproj/Main.storyboard; sourceTree = "<group>"; };
		CC7E29161D5F02C400B74EA2 /* Assets.xcassets */ = {isa = PBXFileReference; lastKnownFileType = folder.assetcatalog; path = Assets.xcassets; sourceTree = "<group>"; };
		CC7E29191D5F02C400B74EA2 /* Base */ = {isa = PBXFileReference; lastKnownFileType = file.storyboard; name = Base; path = Base.lproj/LaunchScreen.storyboard; sourceTree = "<group>"; };
		CC7E291B1D5F02C400B74EA2 /* Info.plist */ = {isa = PBXFileReference; lastKnownFileType = text.plist.xml; path = Info.plist; sourceTree = "<group>"; };
		CC7E29201D5F02C400B74EA2 /* weiboTests.xctest */ = {isa = PBXFileReference; explicitFileType = wrapper.cfbundle; includeInIndex = 0; path = weiboTests.xctest; sourceTree = BUILT_PRODUCTS_DIR; };
		CC7E29241D5F02C400B74EA2 /* weiboTests.swift */ = {isa = PBXFileReference; lastKnownFileType = sourcecode.swift; path = weiboTests.swift; sourceTree = "<group>"; };
		CC7E29261D5F02C400B74EA2 /* Info.plist */ = {isa = PBXFileReference; lastKnownFileType = text.plist.xml; path = Info.plist; sourceTree = "<group>"; };
		CC7E292B1D5F02C400B74EA2 /* weiboUITests.xctest */ = {isa = PBXFileReference; explicitFileType = wrapper.cfbundle; includeInIndex = 0; path = weiboUITests.xctest; sourceTree = BUILT_PRODUCTS_DIR; };
		CC7E292F1D5F02C400B74EA2 /* weiboUITests.swift */ = {isa = PBXFileReference; lastKnownFileType = sourcecode.swift; path = weiboUITests.swift; sourceTree = "<group>"; };
		CC7E29311D5F02C400B74EA2 /* Info.plist */ = {isa = PBXFileReference; lastKnownFileType = text.plist.xml; path = Info.plist; sourceTree = "<group>"; };
		CC7E29461D5F0C7600B74EA2 /* MainPageViewController.swift */ = {isa = PBXFileReference; fileEncoding = 4; lastKnownFileType = sourcecode.swift; path = MainPageViewController.swift; sourceTree = "<group>"; };
		CC7E294A1D5F118100B74EA2 /* ContentCell.swift */ = {isa = PBXFileReference; fileEncoding = 4; lastKnownFileType = sourcecode.swift; path = ContentCell.swift; sourceTree = "<group>"; };
		CC7E294C1D5F12AC00B74EA2 /* weibo-Bridging-Header.h */ = {isa = PBXFileReference; lastKnownFileType = sourcecode.c.h; path = "weibo-Bridging-Header.h"; sourceTree = "<group>"; };
		CC7E294D1D5F12AE00B74EA2 /* UIColor+TAToolkit.h */ = {isa = PBXFileReference; fileEncoding = 4; lastKnownFileType = sourcecode.c.h; path = "UIColor+TAToolkit.h"; sourceTree = "<group>"; };
		CC7E294E1D5F12AE00B74EA2 /* UIColor+TAToolkit.m */ = {isa = PBXFileReference; fileEncoding = 4; lastKnownFileType = sourcecode.c.objc; path = "UIColor+TAToolkit.m"; sourceTree = "<group>"; };
		CC7E294F1D5F12AE00B74EA2 /* UIView+Geometry.h */ = {isa = PBXFileReference; fileEncoding = 4; lastKnownFileType = sourcecode.c.h; path = "UIView+Geometry.h"; sourceTree = "<group>"; };
		CC7E29501D5F12AE00B74EA2 /* UIView+Geometry.m */ = {isa = PBXFileReference; fileEncoding = 4; lastKnownFileType = sourcecode.c.objc; path = "UIView+Geometry.m"; sourceTree = "<group>"; };
		CC7E29511D5F12AE00B74EA2 /* UIView+IBInspect.h */ = {isa = PBXFileReference; fileEncoding = 4; lastKnownFileType = sourcecode.c.h; path = "UIView+IBInspect.h"; sourceTree = "<group>"; };
		CC7E29521D5F12AE00B74EA2 /* UIView+IBInspect.m */ = {isa = PBXFileReference; fileEncoding = 4; lastKnownFileType = sourcecode.c.objc; path = "UIView+IBInspect.m"; sourceTree = "<group>"; };
		CC7E29571D5F17F500B74EA2 /* ProfileViewController.swift */ = {isa = PBXFileReference; fileEncoding = 4; lastKnownFileType = sourcecode.swift; path = ProfileViewController.swift; sourceTree = "<group>"; };
		CC7E295A1D5F1C9600B74EA2 /* PublishMessageViewController.swift */ = {isa = PBXFileReference; fileEncoding = 4; lastKnownFileType = sourcecode.swift; path = PublishMessageViewController.swift; sourceTree = "<group>"; };
		CC7E295D1D5F2FA700B74EA2 /* BaseTabBarController.swift */ = {isa = PBXFileReference; fileEncoding = 4; lastKnownFileType = sourcecode.swift; path = BaseTabBarController.swift; sourceTree = "<group>"; };
		CC7E29691D5F4E5300B74EA2 /* Alamofire.framework */ = {isa = PBXFileReference; lastKnownFileType = wrapper.framework; name = Alamofire.framework; path = "../../Library/Developer/Xcode/DerivedData/weibo-bmfdzkifjcltrudlkqbrflsmizom/Build/Products/Debug-iphonesimulator/Alamofire/Alamofire.framework"; sourceTree = "<group>"; };
		D58EB6E24604342A9F640B62 /* Pods_weibo.framework */ = {isa = PBXFileReference; explicitFileType = wrapper.framework; includeInIndex = 0; path = Pods_weibo.framework; sourceTree = BUILT_PRODUCTS_DIR; };
/* End PBXFileReference section */

/* Begin PBXFrameworksBuildPhase section */
		CC7E29071D5F02C400B74EA2 /* Frameworks */ = {
			isa = PBXFrameworksBuildPhase;
			buildActionMask = 2147483647;
			files = (
				CC61F8D81D65619100997C76 /* SVProgressHUD.framework in Frameworks */,
				CC6E00D41D61B8ED00D5C6DC /* AlamofireObjectMapper.framework in Frameworks */,
				CC04A76F1D60B4370005E4A8 /* SDWebImage.framework in Frameworks */,
				CC0DD5691D605D1900BF6FF5 /* WeiboSDK in Frameworks */,
				CC04DE971D603A5C00E17BFB /* Alamofire.framework in Frameworks */,
				DF581A9662EBBA9B46743464 /* Pods_weibo.framework in Frameworks */,
			);
			runOnlyForDeploymentPostprocessing = 0;
		};
		CC7E291D1D5F02C400B74EA2 /* Frameworks */ = {
			isa = PBXFrameworksBuildPhase;
			buildActionMask = 2147483647;
			files = (
			);
			runOnlyForDeploymentPostprocessing = 0;
		};
		CC7E29281D5F02C400B74EA2 /* Frameworks */ = {
			isa = PBXFrameworksBuildPhase;
			buildActionMask = 2147483647;
			files = (
			);
			runOnlyForDeploymentPostprocessing = 0;
		};
/* End PBXFrameworksBuildPhase section */

/* Begin PBXGroup section */
		0ABC638E1436F677FEA95F35 /* Frameworks */ = {
			isa = PBXGroup;
			children = (
				CC61F8D71D65619100997C76 /* SVProgressHUD.framework */,
				CC6E00D21D61B87100D5C6DC /* AlamofireObjectMapper.framework */,
				CC6E00CC1D61AE2800D5C6DC /* ObjectMapper.framework */,
				CC04A76E1D60B4370005E4A8 /* SDWebImage.framework */,
				CC0DD5681D605D1900BF6FF5 /* WeiboSDK */,
				CC7E29691D5F4E5300B74EA2 /* Alamofire.framework */,
				D58EB6E24604342A9F640B62 /* Pods_weibo.framework */,
				5366F9E6EB5AACDD12B8EDAB /* Pods_weiboTests.framework */,
				C6257EFFC1E5D2B4A0B8633B /* Pods_weiboUITests.framework */,
			);
			name = Frameworks;
			sourceTree = "<group>";
		};
		CC6E00C61D6190C500D5C6DC /* Model */ = {
			isa = PBXGroup;
			children = (
				CC6E00CE1D61AE5500D5C6DC /* Message.swift */,
				CC6E00D01D61B57300D5C6DC /* Messages.swift */,
				CC6E00D71D61C9AB00D5C6DC /* User.swift */,
				CC61F8D91D65839200997C76 /* UserAccount.swift */,
			);
			name = Model;
			sourceTree = "<group>";
		};
		CC7E29011D5F02C400B74EA2 = {
			isa = PBXGroup;
			children = (
				CC7E290C1D5F02C400B74EA2 /* weibo */,
				CC7E29231D5F02C400B74EA2 /* weiboTests */,
				CC7E292E1D5F02C400B74EA2 /* weiboUITests */,
				CC7E290B1D5F02C400B74EA2 /* Products */,
				E5FAF2EBEFF69DADDEB47F84 /* Pods */,
				0ABC638E1436F677FEA95F35 /* Frameworks */,
			);
			sourceTree = "<group>";
		};
		CC7E290B1D5F02C400B74EA2 /* Products */ = {
			isa = PBXGroup;
			children = (
				CC7E290A1D5F02C400B74EA2 /* weibo.app */,
				CC7E29201D5F02C400B74EA2 /* weiboTests.xctest */,
				CC7E292B1D5F02C400B74EA2 /* weiboUITests.xctest */,
			);
			name = Products;
			sourceTree = "<group>";
		};
		CC7E290C1D5F02C400B74EA2 /* weibo */ = {
			isa = PBXGroup;
			children = (
				CC7E293E1D5F060B00B74EA2 /* Tools */,
				CC7E29411D5F0B4400B74EA2 /* Weibo */,
				CC7E29421D5F0B5C00B74EA2 /* SupportFiles */,
			);
			path = weibo;
			sourceTree = "<group>";
		};
		CC7E29231D5F02C400B74EA2 /* weiboTests */ = {
			isa = PBXGroup;
			children = (
				CC7E29241D5F02C400B74EA2 /* weiboTests.swift */,
				CC7E29261D5F02C400B74EA2 /* Info.plist */,
			);
			path = weiboTests;
			sourceTree = "<group>";
		};
		CC7E292E1D5F02C400B74EA2 /* weiboUITests */ = {
			isa = PBXGroup;
			children = (
				CC7E292F1D5F02C400B74EA2 /* weiboUITests.swift */,
				CC7E29311D5F02C400B74EA2 /* Info.plist */,
			);
			path = weiboUITests;
			sourceTree = "<group>";
		};
		CC7E293E1D5F060B00B74EA2 /* Tools */ = {
			isa = PBXGroup;
			children = (
				CC7E294D1D5F12AE00B74EA2 /* UIColor+TAToolkit.h */,
				CC7E294E1D5F12AE00B74EA2 /* UIColor+TAToolkit.m */,
				CC7E294F1D5F12AE00B74EA2 /* UIView+Geometry.h */,
				CC7E29501D5F12AE00B74EA2 /* UIView+Geometry.m */,
				CC7E29511D5F12AE00B74EA2 /* UIView+IBInspect.h */,
				CC7E29521D5F12AE00B74EA2 /* UIView+IBInspect.m */,
				CC7E294C1D5F12AC00B74EA2 /* weibo-Bridging-Header.h */,
			);
			name = Tools;
			sourceTree = "<group>";
		};
		CC7E29411D5F0B4400B74EA2 /* Weibo */ = {
			isa = PBXGroup;
			children = (
				CC6E00C61D6190C500D5C6DC /* Model */,
				CC7E295C1D5F2F7D00B74EA2 /* BaseVC */,
				CC7E29431D5F0B7B00B74EA2 /* MainPage */,
				CC7E29561D5F17C900B74EA2 /* Profile */,
				CC7E29591D5F1C7600B74EA2 /* Publish */,
			);
			name = Weibo;
			sourceTree = "<group>";
		};
		CC7E29421D5F0B5C00B74EA2 /* SupportFiles */ = {
			isa = PBXGroup;
			children = (
				CC7E290D1D5F02C400B74EA2 /* AppDelegate.swift */,
				CC7E29131D5F02C400B74EA2 /* Main.storyboard */,
				CC7E29161D5F02C400B74EA2 /* Assets.xcassets */,
				CC7E29181D5F02C400B74EA2 /* LaunchScreen.storyboard */,
				CC7E291B1D5F02C400B74EA2 /* Info.plist */,
			);
			name = SupportFiles;
			sourceTree = "<group>";
		};
		CC7E29431D5F0B7B00B74EA2 /* MainPage */ = {
			isa = PBXGroup;
			children = (
				CC7E29461D5F0C7600B74EA2 /* MainPageViewController.swift */,
				CC7E294A1D5F118100B74EA2 /* ContentCell.swift */,
				CC0DD5641D6049EA00BF6FF5 /* LoginViewController.swift */,
			);
			name = MainPage;
			sourceTree = "<group>";
		};
		CC7E29561D5F17C900B74EA2 /* Profile */ = {
			isa = PBXGroup;
			children = (
				CC7E29571D5F17F500B74EA2 /* ProfileViewController.swift */,
			);
			name = Profile;
			sourceTree = "<group>";
		};
		CC7E29591D5F1C7600B74EA2 /* Publish */ = {
			isa = PBXGroup;
			children = (
				CC7E295A1D5F1C9600B74EA2 /* PublishMessageViewController.swift */,
			);
			name = Publish;
			sourceTree = "<group>";
		};
		CC7E295C1D5F2F7D00B74EA2 /* BaseVC */ = {
			isa = PBXGroup;
			children = (
				CC0DD5661D60582600BF6FF5 /* ShareManager.swift */,
				CC7E295D1D5F2FA700B74EA2 /* BaseTabBarController.swift */,
				CC6E00D51D61C19F00D5C6DC /* BaseController.swift */,
			);
			name = BaseVC;
			sourceTree = "<group>";
		};
		E5FAF2EBEFF69DADDEB47F84 /* Pods */ = {
			isa = PBXGroup;
			children = (
				6B91BBB886ED851A94F45D59 /* Pods-weibo.debug.xcconfig */,
				69730370D20F3BA552388298 /* Pods-weibo.release.xcconfig */,
			);
			name = Pods;
			sourceTree = "<group>";
		};
/* End PBXGroup section */

/* Begin PBXNativeTarget section */
		CC7E29091D5F02C400B74EA2 /* weibo */ = {
			isa = PBXNativeTarget;
			buildConfigurationList = CC7E29341D5F02C400B74EA2 /* Build configuration list for PBXNativeTarget "weibo" */;
			buildPhases = (
				0CDA712E8468B127F8292E45 /* 📦 Check Pods Manifest.lock */,
				1611D5C1471B4C8A4C3CFF73 /* [CP] Check Pods Manifest.lock */,
				CC7E29061D5F02C400B74EA2 /* Sources */,
				CC7E29071D5F02C400B74EA2 /* Frameworks */,
				CC7E29081D5F02C400B74EA2 /* Resources */,
				BF2A9AAAF2390A3B626E72C0 /* [CP] Embed Pods Frameworks */,
				95B956F7FD6A403E6080A678 /* [CP] Copy Pods Resources */,
				50F1CBA2D68A73BDAF382018 /* 📦 Embed Pods Frameworks */,
				CA9289572CFDCFE03D219D9C /* 📦 Copy Pods Resources */,
			);
			buildRules = (
			);
			dependencies = (
			);
			name = weibo;
			productName = weibo;
			productReference = CC7E290A1D5F02C400B74EA2 /* weibo.app */;
			productType = "com.apple.product-type.application";
		};
		CC7E291F1D5F02C400B74EA2 /* weiboTests */ = {
			isa = PBXNativeTarget;
			buildConfigurationList = CC7E29371D5F02C400B74EA2 /* Build configuration list for PBXNativeTarget "weiboTests" */;
			buildPhases = (
				0B48430A9828F8442E0043CA /* [CP] Check Pods Manifest.lock */,
				CC7E291C1D5F02C400B74EA2 /* Sources */,
				CC7E291D1D5F02C400B74EA2 /* Frameworks */,
				CC7E291E1D5F02C400B74EA2 /* Resources */,
				CBE988377EEB6A177594F7F9 /* [CP] Embed Pods Frameworks */,
				12579350AA0A961B7AF5443A /* [CP] Copy Pods Resources */,
			);
			buildRules = (
			);
			dependencies = (
				CC7E29221D5F02C400B74EA2 /* PBXTargetDependency */,
			);
			name = weiboTests;
			productName = weiboTests;
			productReference = CC7E29201D5F02C400B74EA2 /* weiboTests.xctest */;
			productType = "com.apple.product-type.bundle.unit-test";
		};
		CC7E292A1D5F02C400B74EA2 /* weiboUITests */ = {
			isa = PBXNativeTarget;
			buildConfigurationList = CC7E293A1D5F02C400B74EA2 /* Build configuration list for PBXNativeTarget "weiboUITests" */;
			buildPhases = (
				1ABAD8895CC14E866FB0B3CB /* [CP] Check Pods Manifest.lock */,
				CC7E29271D5F02C400B74EA2 /* Sources */,
				CC7E29281D5F02C400B74EA2 /* Frameworks */,
				CC7E29291D5F02C400B74EA2 /* Resources */,
				62D0637DBD08B0F0E054750F /* [CP] Copy Pods Resources */,
			);
			buildRules = (
			);
			dependencies = (
				CC7E292D1D5F02C400B74EA2 /* PBXTargetDependency */,
			);
			name = weiboUITests;
			productName = weiboUITests;
			productReference = CC7E292B1D5F02C400B74EA2 /* weiboUITests.xctest */;
			productType = "com.apple.product-type.bundle.ui-testing";
		};
/* End PBXNativeTarget section */

/* Begin PBXProject section */
		CC7E29021D5F02C400B74EA2 /* Project object */ = {
			isa = PBXProject;
			attributes = {
				LastSwiftUpdateCheck = 0730;
				LastUpgradeCheck = 0730;
				ORGANIZATIONNAME = "武淅 段";
				TargetAttributes = {
					CC7E29091D5F02C400B74EA2 = {
						CreatedOnToolsVersion = 7.3;
						DevelopmentTeam = 99BGKUDWHK;
					};
					CC7E291F1D5F02C400B74EA2 = {
						CreatedOnToolsVersion = 7.3;
						TestTargetID = CC7E29091D5F02C400B74EA2;
					};
					CC7E292A1D5F02C400B74EA2 = {
						CreatedOnToolsVersion = 7.3;
						TestTargetID = CC7E29091D5F02C400B74EA2;
					};
				};
			};
			buildConfigurationList = CC7E29051D5F02C400B74EA2 /* Build configuration list for PBXProject "weibo" */;
			compatibilityVersion = "Xcode 3.2";
			developmentRegion = English;
			hasScannedForEncodings = 0;
			knownRegions = (
				en,
				Base,
			);
			mainGroup = CC7E29011D5F02C400B74EA2;
			productRefGroup = CC7E290B1D5F02C400B74EA2 /* Products */;
			projectDirPath = "";
			projectRoot = "";
			targets = (
				CC7E29091D5F02C400B74EA2 /* weibo */,
				CC7E291F1D5F02C400B74EA2 /* weiboTests */,
				CC7E292A1D5F02C400B74EA2 /* weiboUITests */,
			);
		};
/* End PBXProject section */

/* Begin PBXResourcesBuildPhase section */
		CC7E29081D5F02C400B74EA2 /* Resources */ = {
			isa = PBXResourcesBuildPhase;
			buildActionMask = 2147483647;
			files = (
				CC7E291A1D5F02C400B74EA2 /* LaunchScreen.storyboard in Resources */,
				CC7E29171D5F02C400B74EA2 /* Assets.xcassets in Resources */,
				CC7E29151D5F02C400B74EA2 /* Main.storyboard in Resources */,
			);
			runOnlyForDeploymentPostprocessing = 0;
		};
		CC7E291E1D5F02C400B74EA2 /* Resources */ = {
			isa = PBXResourcesBuildPhase;
			buildActionMask = 2147483647;
			files = (
			);
			runOnlyForDeploymentPostprocessing = 0;
		};
		CC7E29291D5F02C400B74EA2 /* Resources */ = {
			isa = PBXResourcesBuildPhase;
			buildActionMask = 2147483647;
			files = (
			);
			runOnlyForDeploymentPostprocessing = 0;
		};
/* End PBXResourcesBuildPhase section */

/* Begin PBXShellScriptBuildPhase section */
		0B48430A9828F8442E0043CA /* [CP] Check Pods Manifest.lock */ = {
			isa = PBXShellScriptBuildPhase;
			buildActionMask = 2147483647;
			files = (
			);
			inputPaths = (
			);
			name = "[CP] Check Pods Manifest.lock";
			outputPaths = (
			);
			runOnlyForDeploymentPostprocessing = 0;
			shellPath = /bin/sh;
			shellScript = "diff \"${PODS_ROOT}/../Podfile.lock\" \"${PODS_ROOT}/Manifest.lock\" > /dev/null\nif [[ $? != 0 ]] ; then\n    cat << EOM\nerror: The sandbox is not in sync with the Podfile.lock. Run 'pod install' or update your CocoaPods installation.\nEOM\n    exit 1\nfi\n";
			showEnvVarsInLog = 0;
		};
		0CDA712E8468B127F8292E45 /* 📦 Check Pods Manifest.lock */ = {
			isa = PBXShellScriptBuildPhase;
			buildActionMask = 2147483647;
			files = (
			);
			inputPaths = (
			);
			name = "📦 Check Pods Manifest.lock";
			outputPaths = (
			);
			runOnlyForDeploymentPostprocessing = 0;
			shellPath = /bin/sh;
			shellScript = "diff \"${PODS_ROOT}/../Podfile.lock\" \"${PODS_ROOT}/Manifest.lock\" > /dev/null\nif [[ $? != 0 ]] ; then\n    cat << EOM\nerror: The sandbox is not in sync with the Podfile.lock. Run 'pod install' or update your CocoaPods installation.\nEOM\n    exit 1\nfi\n";
			showEnvVarsInLog = 0;
		};
		12579350AA0A961B7AF5443A /* [CP] Copy Pods Resources */ = {
			isa = PBXShellScriptBuildPhase;
			buildActionMask = 2147483647;
			files = (
			);
			inputPaths = (
			);
			name = "[CP] Copy Pods Resources";
			outputPaths = (
			);
			runOnlyForDeploymentPostprocessing = 0;
			shellPath = /bin/sh;
			shellScript = "\"${SRCROOT}/Pods/Target Support Files/Pods-weiboTests/Pods-weiboTests-resources.sh\"\n";
			showEnvVarsInLog = 0;
		};
		1611D5C1471B4C8A4C3CFF73 /* [CP] Check Pods Manifest.lock */ = {
			isa = PBXShellScriptBuildPhase;
			buildActionMask = 2147483647;
			files = (
			);
			inputPaths = (
			);
			name = "[CP] Check Pods Manifest.lock";
			outputPaths = (
			);
			runOnlyForDeploymentPostprocessing = 0;
			shellPath = /bin/sh;
			shellScript = "diff \"${PODS_ROOT}/../Podfile.lock\" \"${PODS_ROOT}/Manifest.lock\" > /dev/null\nif [[ $? != 0 ]] ; then\n    cat << EOM\nerror: The sandbox is not in sync with the Podfile.lock. Run 'pod install' or update your CocoaPods installation.\nEOM\n    exit 1\nfi\n";
			showEnvVarsInLog = 0;
		};
		1ABAD8895CC14E866FB0B3CB /* [CP] Check Pods Manifest.lock */ = {
			isa = PBXShellScriptBuildPhase;
			buildActionMask = 2147483647;
			files = (
			);
			inputPaths = (
			);
			name = "[CP] Check Pods Manifest.lock";
			outputPaths = (
			);
			runOnlyForDeploymentPostprocessing = 0;
			shellPath = /bin/sh;
			shellScript = "diff \"${PODS_ROOT}/../Podfile.lock\" \"${PODS_ROOT}/Manifest.lock\" > /dev/null\nif [[ $? != 0 ]] ; then\n    cat << EOM\nerror: The sandbox is not in sync with the Podfile.lock. Run 'pod install' or update your CocoaPods installation.\nEOM\n    exit 1\nfi\n";
			showEnvVarsInLog = 0;
		};
		50F1CBA2D68A73BDAF382018 /* 📦 Embed Pods Frameworks */ = {
			isa = PBXShellScriptBuildPhase;
			buildActionMask = 2147483647;
			files = (
			);
			inputPaths = (
			);
			name = "📦 Embed Pods Frameworks";
			outputPaths = (
			);
			runOnlyForDeploymentPostprocessing = 0;
			shellPath = /bin/sh;
			shellScript = "\"${SRCROOT}/Pods/Target Support Files/Pods-weibo/Pods-weibo-frameworks.sh\"\n";
			showEnvVarsInLog = 0;
		};
		62D0637DBD08B0F0E054750F /* [CP] Copy Pods Resources */ = {
			isa = PBXShellScriptBuildPhase;
			buildActionMask = 2147483647;
			files = (
			);
			inputPaths = (
			);
			name = "[CP] Copy Pods Resources";
			outputPaths = (
			);
			runOnlyForDeploymentPostprocessing = 0;
			shellPath = /bin/sh;
			shellScript = "\"${SRCROOT}/Pods/Target Support Files/Pods-weiboUITests/Pods-weiboUITests-resources.sh\"\n";
			showEnvVarsInLog = 0;
		};
		95B956F7FD6A403E6080A678 /* [CP] Copy Pods Resources */ = {
			isa = PBXShellScriptBuildPhase;
			buildActionMask = 2147483647;
			files = (
			);
			inputPaths = (
			);
			name = "[CP] Copy Pods Resources";
			outputPaths = (
			);
			runOnlyForDeploymentPostprocessing = 0;
			shellPath = /bin/sh;
			shellScript = "\"${SRCROOT}/Pods/Target Support Files/Pods-weibo/Pods-weibo-resources.sh\"\n";
			showEnvVarsInLog = 0;
		};
		BF2A9AAAF2390A3B626E72C0 /* [CP] Embed Pods Frameworks */ = {
			isa = PBXShellScriptBuildPhase;
			buildActionMask = 2147483647;
			files = (
			);
			inputPaths = (
			);
			name = "[CP] Embed Pods Frameworks";
			outputPaths = (
			);
			runOnlyForDeploymentPostprocessing = 0;
			shellPath = /bin/sh;
			shellScript = "\"${SRCROOT}/Pods/Target Support Files/Pods-weibo/Pods-weibo-frameworks.sh\"\n";
			showEnvVarsInLog = 0;
		};
		CA9289572CFDCFE03D219D9C /* 📦 Copy Pods Resources */ = {
			isa = PBXShellScriptBuildPhase;
			buildActionMask = 2147483647;
			files = (
			);
			inputPaths = (
			);
			name = "📦 Copy Pods Resources";
			outputPaths = (
			);
			runOnlyForDeploymentPostprocessing = 0;
			shellPath = /bin/sh;
			shellScript = "\"${SRCROOT}/Pods/Target Support Files/Pods-weibo/Pods-weibo-resources.sh\"\n";
			showEnvVarsInLog = 0;
		};
		CBE988377EEB6A177594F7F9 /* [CP] Embed Pods Frameworks */ = {
			isa = PBXShellScriptBuildPhase;
			buildActionMask = 2147483647;
			files = (
			);
			inputPaths = (
			);
			name = "[CP] Embed Pods Frameworks";
			outputPaths = (
			);
			runOnlyForDeploymentPostprocessing = 0;
			shellPath = /bin/sh;
			shellScript = "\"${SRCROOT}/Pods/Target Support Files/Pods-weiboTests/Pods-weiboTests-frameworks.sh\"\n";
			showEnvVarsInLog = 0;
		};
/* End PBXShellScriptBuildPhase section */

/* Begin PBXSourcesBuildPhase section */
		CC7E29061D5F02C400B74EA2 /* Sources */ = {
			isa = PBXSourcesBuildPhase;
			buildActionMask = 2147483647;
			files = (
				CC7E295B1D5F1C9600B74EA2 /* PublishMessageViewController.swift in Sources */,
				CC7E29551D5F12AE00B74EA2 /* UIView+IBInspect.m in Sources */,
				CC6E00D61D61C19F00D5C6DC /* BaseController.swift in Sources */,
				CC7E295E1D5F2FA700B74EA2 /* BaseTabBarController.swift in Sources */,
				CC0DD5671D60582600BF6FF5 /* ShareManager.swift in Sources */,
				CC7E29541D5F12AE00B74EA2 /* UIView+Geometry.m in Sources */,
				CC7E294B1D5F118100B74EA2 /* ContentCell.swift in Sources */,
				CC6E00D11D61B57300D5C6DC /* Messages.swift in Sources */,
				CC61F8DA1D65839200997C76 /* UserAccount.swift in Sources */,
				CC6E00D81D61C9AB00D5C6DC /* User.swift in Sources */,
				CC7E29531D5F12AE00B74EA2 /* UIColor+TAToolkit.m in Sources */,
				CC7E29581D5F17F500B74EA2 /* ProfileViewController.swift in Sources */,
				CC7E29471D5F0C7600B74EA2 /* MainPageViewController.swift in Sources */,
				CC6E00CF1D61AE5500D5C6DC /* Message.swift in Sources */,
				CC0DD5651D6049EA00BF6FF5 /* LoginViewController.swift in Sources */,
				CC7E290E1D5F02C400B74EA2 /* AppDelegate.swift in Sources */,
			);
			runOnlyForDeploymentPostprocessing = 0;
		};
		CC7E291C1D5F02C400B74EA2 /* Sources */ = {
			isa = PBXSourcesBuildPhase;
			buildActionMask = 2147483647;
			files = (
				CC7E29251D5F02C400B74EA2 /* weiboTests.swift in Sources */,
			);
			runOnlyForDeploymentPostprocessing = 0;
		};
		CC7E29271D5F02C400B74EA2 /* Sources */ = {
			isa = PBXSourcesBuildPhase;
			buildActionMask = 2147483647;
			files = (
				CC7E29301D5F02C400B74EA2 /* weiboUITests.swift in Sources */,
			);
			runOnlyForDeploymentPostprocessing = 0;
		};
/* End PBXSourcesBuildPhase section */

/* Begin PBXTargetDependency section */
		CC7E29221D5F02C400B74EA2 /* PBXTargetDependency */ = {
			isa = PBXTargetDependency;
			target = CC7E29091D5F02C400B74EA2 /* weibo */;
			targetProxy = CC7E29211D5F02C400B74EA2 /* PBXContainerItemProxy */;
		};
		CC7E292D1D5F02C400B74EA2 /* PBXTargetDependency */ = {
			isa = PBXTargetDependency;
			target = CC7E29091D5F02C400B74EA2 /* weibo */;
			targetProxy = CC7E292C1D5F02C400B74EA2 /* PBXContainerItemProxy */;
		};
/* End PBXTargetDependency section */

/* Begin PBXVariantGroup section */
		CC7E29131D5F02C400B74EA2 /* Main.storyboard */ = {
			isa = PBXVariantGroup;
			children = (
				CC7E29141D5F02C400B74EA2 /* Base */,
			);
			name = Main.storyboard;
			sourceTree = "<group>";
		};
		CC7E29181D5F02C400B74EA2 /* LaunchScreen.storyboard */ = {
			isa = PBXVariantGroup;
			children = (
				CC7E29191D5F02C400B74EA2 /* Base */,
			);
			name = LaunchScreen.storyboard;
			sourceTree = "<group>";
		};
/* End PBXVariantGroup section */

/* Begin XCBuildConfiguration section */
		CC7E29321D5F02C400B74EA2 /* Debug */ = {
			isa = XCBuildConfiguration;
			buildSettings = {
				ALWAYS_SEARCH_USER_PATHS = NO;
				CLANG_ANALYZER_NONNULL = YES;
				CLANG_CXX_LANGUAGE_STANDARD = "gnu++0x";
				CLANG_CXX_LIBRARY = "libc++";
				CLANG_ENABLE_MODULES = YES;
				CLANG_ENABLE_OBJC_ARC = YES;
				CLANG_WARN_BOOL_CONVERSION = YES;
				CLANG_WARN_CONSTANT_CONVERSION = YES;
				CLANG_WARN_DIRECT_OBJC_ISA_USAGE = YES_ERROR;
				CLANG_WARN_EMPTY_BODY = YES;
				CLANG_WARN_ENUM_CONVERSION = YES;
				CLANG_WARN_INT_CONVERSION = YES;
				CLANG_WARN_OBJC_ROOT_CLASS = YES_ERROR;
				CLANG_WARN_UNREACHABLE_CODE = YES;
				CLANG_WARN__DUPLICATE_METHOD_MATCH = YES;
				"CODE_SIGN_IDENTITY[sdk=iphoneos*]" = "iPhone Developer";
				COPY_PHASE_STRIP = NO;
				DEBUG_INFORMATION_FORMAT = dwarf;
				ENABLE_STRICT_OBJC_MSGSEND = YES;
				ENABLE_TESTABILITY = YES;
				GCC_C_LANGUAGE_STANDARD = gnu99;
				GCC_DYNAMIC_NO_PIC = NO;
				GCC_NO_COMMON_BLOCKS = YES;
				GCC_OPTIMIZATION_LEVEL = 0;
				GCC_PREPROCESSOR_DEFINITIONS = (
					"DEBUG=1",
					"$(inherited)",
				);
				GCC_WARN_64_TO_32_BIT_CONVERSION = YES;
				GCC_WARN_ABOUT_RETURN_TYPE = YES_ERROR;
				GCC_WARN_UNDECLARED_SELECTOR = YES;
				GCC_WARN_UNINITIALIZED_AUTOS = YES_AGGRESSIVE;
				GCC_WARN_UNUSED_FUNCTION = YES;
				GCC_WARN_UNUSED_VARIABLE = YES;
				IPHONEOS_DEPLOYMENT_TARGET = 9.3;
				MTL_ENABLE_DEBUG_INFO = YES;
				ONLY_ACTIVE_ARCH = YES;
				SDKROOT = iphoneos;
				SWIFT_OPTIMIZATION_LEVEL = "-Onone";
			};
			name = Debug;
		};
		CC7E29331D5F02C400B74EA2 /* Release */ = {
			isa = XCBuildConfiguration;
			buildSettings = {
				ALWAYS_SEARCH_USER_PATHS = NO;
				CLANG_ANALYZER_NONNULL = YES;
				CLANG_CXX_LANGUAGE_STANDARD = "gnu++0x";
				CLANG_CXX_LIBRARY = "libc++";
				CLANG_ENABLE_MODULES = YES;
				CLANG_ENABLE_OBJC_ARC = YES;
				CLANG_WARN_BOOL_CONVERSION = YES;
				CLANG_WARN_CONSTANT_CONVERSION = YES;
				CLANG_WARN_DIRECT_OBJC_ISA_USAGE = YES_ERROR;
				CLANG_WARN_EMPTY_BODY = YES;
				CLANG_WARN_ENUM_CONVERSION = YES;
				CLANG_WARN_INT_CONVERSION = YES;
				CLANG_WARN_OBJC_ROOT_CLASS = YES_ERROR;
				CLANG_WARN_UNREACHABLE_CODE = YES;
				CLANG_WARN__DUPLICATE_METHOD_MATCH = YES;
				"CODE_SIGN_IDENTITY[sdk=iphoneos*]" = "iPhone Developer";
				COPY_PHASE_STRIP = NO;
				DEBUG_INFORMATION_FORMAT = "dwarf-with-dsym";
				ENABLE_NS_ASSERTIONS = NO;
				ENABLE_STRICT_OBJC_MSGSEND = YES;
				GCC_C_LANGUAGE_STANDARD = gnu99;
				GCC_NO_COMMON_BLOCKS = YES;
				GCC_WARN_64_TO_32_BIT_CONVERSION = YES;
				GCC_WARN_ABOUT_RETURN_TYPE = YES_ERROR;
				GCC_WARN_UNDECLARED_SELECTOR = YES;
				GCC_WARN_UNINITIALIZED_AUTOS = YES_AGGRESSIVE;
				GCC_WARN_UNUSED_FUNCTION = YES;
				GCC_WARN_UNUSED_VARIABLE = YES;
				IPHONEOS_DEPLOYMENT_TARGET = 9.3;
				MTL_ENABLE_DEBUG_INFO = NO;
				SDKROOT = iphoneos;
				VALIDATE_PRODUCT = YES;
			};
			name = Release;
		};
		CC7E29351D5F02C400B74EA2 /* Debug */ = {
			isa = XCBuildConfiguration;
			baseConfigurationReference = 6B91BBB886ED851A94F45D59 /* Pods-weibo.debug.xcconfig */;
			buildSettings = {
				ALWAYS_SEARCH_USER_PATHS = NO;
				ASSETCATALOG_COMPILER_APPICON_NAME = AppIcon;
				CLANG_ENABLE_MODULES = YES;
				CODE_SIGN_IDENTITY = "iPhone Developer";
				"CODE_SIGN_IDENTITY[sdk=iphoneos*]" = "iPhone Developer";
				FRAMEWORK_SEARCH_PATHS = (
					"$(inherited)",
					"$(PROJECT_DIR)/build/Debug-iphoneos/Alamofire",
					"$(PROJECT_DIR)/build/Debug-iphoneos",
					"$(PROJECT_DIR)/build/Debug-iphoneos/SDWebImage",
					"$(PROJECT_DIR)/build/Debug-iphoneos/SVProgressHUD",
				);
				INFOPLIST_FILE = weibo/Info.plist;
				IPHONEOS_DEPLOYMENT_TARGET = 8.0;
				LD_RUNPATH_SEARCH_PATHS = "$(inherited) @executable_path/Frameworks";
				PRODUCT_BUNDLE_IDENTIFIER = com.wuxi.weibo;
				PRODUCT_NAME = "$(TARGET_NAME)";
				PROVISIONING_PROFILE = "";
				SWIFT_OBJC_BRIDGING_HEADER = "weibo/weibo-Bridging-Header.h";
				SWIFT_OPTIMIZATION_LEVEL = "-Onone";
				USER_HEADER_SEARCH_PATHS = "${SRCROOT}";
			};
			name = Debug;
		};
		CC7E29361D5F02C400B74EA2 /* Release */ = {
			isa = XCBuildConfiguration;
			baseConfigurationReference = 69730370D20F3BA552388298 /* Pods-weibo.release.xcconfig */;
			buildSettings = {
				ALWAYS_SEARCH_USER_PATHS = NO;
				ASSETCATALOG_COMPILER_APPICON_NAME = AppIcon;
				CLANG_ENABLE_MODULES = YES;
				CODE_SIGN_IDENTITY = "iPhone Developer";
				"CODE_SIGN_IDENTITY[sdk=iphoneos*]" = "iPhone Developer";
				FRAMEWORK_SEARCH_PATHS = (
					"$(inherited)",
					"$(PROJECT_DIR)/build/Debug-iphoneos/Alamofire",
					"$(PROJECT_DIR)/build/Debug-iphoneos",
					"$(PROJECT_DIR)/build/Debug-iphoneos/SDWebImage",
					"$(PROJECT_DIR)/build/Debug-iphoneos/SVProgressHUD",
				);
				INFOPLIST_FILE = weibo/Info.plist;
				IPHONEOS_DEPLOYMENT_TARGET = 8.0;
				LD_RUNPATH_SEARCH_PATHS = "$(inherited) @executable_path/Frameworks";
				PRODUCT_BUNDLE_IDENTIFIER = com.wuxi.weibo;
				PRODUCT_NAME = "$(TARGET_NAME)";
				PROVISIONING_PROFILE = "";
				SWIFT_OBJC_BRIDGING_HEADER = "weibo/weibo-Bridging-Header.h";
				USER_HEADER_SEARCH_PATHS = "${SRCROOT}";
			};
			name = Release;
		};
		CC7E29381D5F02C400B74EA2 /* Debug */ = {
			isa = XCBuildConfiguration;
			buildSettings = {
				BUNDLE_LOADER = "$(TEST_HOST)";
				INFOPLIST_FILE = weiboTests/Info.plist;
				LD_RUNPATH_SEARCH_PATHS = "$(inherited) @executable_path/Frameworks @loader_path/Frameworks";
				PRODUCT_BUNDLE_IDENTIFIER = wuxi.weiboTests;
				PRODUCT_NAME = "$(TARGET_NAME)";
				TEST_HOST = "$(BUILT_PRODUCTS_DIR)/weibo.app/weibo";
			};
			name = Debug;
		};
		CC7E29391D5F02C400B74EA2 /* Release */ = {
			isa = XCBuildConfiguration;
			buildSettings = {
				BUNDLE_LOADER = "$(TEST_HOST)";
				INFOPLIST_FILE = weiboTests/Info.plist;
				LD_RUNPATH_SEARCH_PATHS = "$(inherited) @executable_path/Frameworks @loader_path/Frameworks";
				PRODUCT_BUNDLE_IDENTIFIER = wuxi.weiboTests;
				PRODUCT_NAME = "$(TARGET_NAME)";
				TEST_HOST = "$(BUILT_PRODUCTS_DIR)/weibo.app/weibo";
			};
			name = Release;
		};
		CC7E293B1D5F02C400B74EA2 /* Debug */ = {
			isa = XCBuildConfiguration;
			buildSettings = {
				INFOPLIST_FILE = weiboUITests/Info.plist;
				LD_RUNPATH_SEARCH_PATHS = "$(inherited) @executable_path/Frameworks @loader_path/Frameworks";
				PRODUCT_BUNDLE_IDENTIFIER = wuxi.weiboUITests;
				PRODUCT_NAME = "$(TARGET_NAME)";
				TEST_TARGET_NAME = weibo;
			};
			name = Debug;
		};
		CC7E293C1D5F02C400B74EA2 /* Release */ = {
			isa = XCBuildConfiguration;
			buildSettings = {
				INFOPLIST_FILE = weiboUITests/Info.plist;
				LD_RUNPATH_SEARCH_PATHS = "$(inherited) @executable_path/Frameworks @loader_path/Frameworks";
				PRODUCT_BUNDLE_IDENTIFIER = wuxi.weiboUITests;
				PRODUCT_NAME = "$(TARGET_NAME)";
				TEST_TARGET_NAME = weibo;
			};
			name = Release;
		};
/* End XCBuildConfiguration section */

/* Begin XCConfigurationList section */
		CC7E29051D5F02C400B74EA2 /* Build configuration list for PBXProject "weibo" */ = {
			isa = XCConfigurationList;
			buildConfigurations = (
				CC7E29321D5F02C400B74EA2 /* Debug */,
				CC7E29331D5F02C400B74EA2 /* Release */,
			);
			defaultConfigurationIsVisible = 0;
			defaultConfigurationName = Release;
		};
		CC7E29341D5F02C400B74EA2 /* Build configuration list for PBXNativeTarget "weibo" */ = {
			isa = XCConfigurationList;
			buildConfigurations = (
				CC7E29351D5F02C400B74EA2 /* Debug */,
				CC7E29361D5F02C400B74EA2 /* Release */,
			);
			defaultConfigurationIsVisible = 0;
			defaultConfigurationName = Release;
		};
		CC7E29371D5F02C400B74EA2 /* Build configuration list for PBXNativeTarget "weiboTests" */ = {
			isa = XCConfigurationList;
			buildConfigurations = (
				CC7E29381D5F02C400B74EA2 /* Debug */,
				CC7E29391D5F02C400B74EA2 /* Release */,
			);
			defaultConfigurationIsVisible = 0;
			defaultConfigurationName = Release;
		};
		CC7E293A1D5F02C400B74EA2 /* Build configuration list for PBXNativeTarget "weiboUITests" */ = {
			isa = XCConfigurationList;
			buildConfigurations = (
				CC7E293B1D5F02C400B74EA2 /* Debug */,
				CC7E293C1D5F02C400B74EA2 /* Release */,
			);
			defaultConfigurationIsVisible = 0;
			defaultConfigurationName = Release;
		};
/* End XCConfigurationList section */
	};
	rootObject = CC7E29021D5F02C400B74EA2 /* Project object */;
}
